// !$*UTF8*$!
{
	archiveVersion = 1;
	classes = {
	};
	objectVersion = 46;
	objects = {

/* Begin PBXBuildFile section */
		832F567C1A1A5151009974E6 /* Targets.plist in Resources */ = {isa = PBXBuildFile; fileRef = 832F567B1A1A5151009974E6 /* Targets.plist */; };
		8347DEE81A902A220064ED6E /* DevicesViewController.m in Sources */ = {isa = PBXBuildFile; fileRef = 8347DEE71A902A220064ED6E /* DevicesViewController.m */; };
		8347DF091A9037050064ED6E /* TrackingViewController.m in Sources */ = {isa = PBXBuildFile; fileRef = 8347DF081A9037050064ED6E /* TrackingViewController.m */; };
		8347DF0B1A903FEE0064ED6E /* libMelodySmart.a in Frameworks */ = {isa = PBXBuildFile; fileRef = 8347DF0A1A903FEE0064ED6E /* libMelodySmart.a */; };
		83691BE31A9412D8002D6008 /* AstronomicalCoordinates.m in Sources */ = {isa = PBXBuildFile; fileRef = 83691BE21A9412D8002D6008 /* AstronomicalCoordinates.m */; };
		83A43CBF1A1072FB00809B3B /* main.m in Sources */ = {isa = PBXBuildFile; fileRef = 83A43CBE1A1072FB00809B3B /* main.m */; };
		83A43CC21A1072FB00809B3B /* AppDelegate.m in Sources */ = {isa = PBXBuildFile; fileRef = 83A43CC11A1072FB00809B3B /* AppDelegate.m */; };
		83A43CC51A1072FB00809B3B /* ViewController.m in Sources */ = {isa = PBXBuildFile; fileRef = 83A43CC41A1072FB00809B3B /* ViewController.m */; };
		83A43CC81A1072FB00809B3B /* Main.storyboard in Resources */ = {isa = PBXBuildFile; fileRef = 83A43CC61A1072FB00809B3B /* Main.storyboard */; };
		83A43CCA1A1072FB00809B3B /* Images.xcassets in Resources */ = {isa = PBXBuildFile; fileRef = 83A43CC91A1072FB00809B3B /* Images.xcassets */; };
		83A43CCD1A1072FB00809B3B /* LaunchScreen.xib in Resources */ = {isa = PBXBuildFile; fileRef = 83A43CCB1A1072FB00809B3B /* LaunchScreen.xib */; };
		83A43CD91A1072FB00809B3B /* startrackTests.m in Sources */ = {isa = PBXBuildFile; fileRef = 83A43CD81A1072FB00809B3B /* startrackTests.m */; };
/* End PBXBuildFile section */

/* Begin PBXContainerItemProxy section */
		83A43CD31A1072FB00809B3B /* PBXContainerItemProxy */ = {
			isa = PBXContainerItemProxy;
			containerPortal = 83A43CB11A1072FB00809B3B /* Project object */;
			proxyType = 1;
			remoteGlobalIDString = 83A43CB81A1072FB00809B3B;
			remoteInfo = startrack;
		};
/* End PBXContainerItemProxy section */

/* Begin PBXFileReference section */
		832F567B1A1A5151009974E6 /* Targets.plist */ = {isa = PBXFileReference; fileEncoding = 4; lastKnownFileType = text.plist.xml; name = Targets.plist; path = StarTrack/Targets.plist; sourceTree = SOURCE_ROOT; };
		8347DEE61A902A220064ED6E /* DevicesViewController.h */ = {isa = PBXFileReference; fileEncoding = 4; lastKnownFileType = sourcecode.c.h; name = DevicesViewController.h; path = StarTrack/DevicesViewController.h; sourceTree = SOURCE_ROOT; };
		8347DEE71A902A220064ED6E /* DevicesViewController.m */ = {isa = PBXFileReference; fileEncoding = 4; lastKnownFileType = sourcecode.c.objc; name = DevicesViewController.m; path = StarTrack/DevicesViewController.m; sourceTree = SOURCE_ROOT; };
		8347DF071A9037050064ED6E /* TrackingViewController.h */ = {isa = PBXFileReference; fileEncoding = 4; lastKnownFileType = sourcecode.c.h; path = TrackingViewController.h; sourceTree = "<group>"; };
		8347DF081A9037050064ED6E /* TrackingViewController.m */ = {isa = PBXFileReference; fileEncoding = 4; lastKnownFileType = sourcecode.c.objc; path = TrackingViewController.m; sourceTree = "<group>"; };
		8347DF0A1A903FEE0064ED6E /* libMelodySmart.a */ = {isa = PBXFileReference; lastKnownFileType = archive.ar; name = libMelodySmart.a; path = ../Melody/libMelodySmart.a; sourceTree = "<group>"; };
		83691BE11A9412D8002D6008 /* AstronomicalCoordinates.h */ = {isa = PBXFileReference; fileEncoding = 4; lastKnownFileType = sourcecode.c.h; path = AstronomicalCoordinates.h; sourceTree = "<group>"; };
		83691BE21A9412D8002D6008 /* AstronomicalCoordinates.m */ = {isa = PBXFileReference; fileEncoding = 4; lastKnownFileType = sourcecode.c.objc; path = AstronomicalCoordinates.m; sourceTree = "<group>"; };
		83A43CB91A1072FB00809B3B /* startrack.app */ = {isa = PBXFileReference; explicitFileType = wrapper.application; includeInIndex = 0; path = startrack.app; sourceTree = BUILT_PRODUCTS_DIR; };
		83A43CBD1A1072FB00809B3B /* Info.plist */ = {isa = PBXFileReference; lastKnownFileType = text.plist.xml; path = Info.plist; sourceTree = "<group>"; };
		83A43CBE1A1072FB00809B3B /* main.m */ = {isa = PBXFileReference; lastKnownFileType = sourcecode.c.objc; path = main.m; sourceTree = "<group>"; };
		83A43CC01A1072FB00809B3B /* AppDelegate.h */ = {isa = PBXFileReference; lastKnownFileType = sourcecode.c.h; path = AppDelegate.h; sourceTree = "<group>"; };
		83A43CC11A1072FB00809B3B /* AppDelegate.m */ = {isa = PBXFileReference; lastKnownFileType = sourcecode.c.objc; path = AppDelegate.m; sourceTree = "<group>"; };
		83A43CC31A1072FB00809B3B /* ViewController.h */ = {isa = PBXFileReference; lastKnownFileType = sourcecode.c.h; path = ViewController.h; sourceTree = "<group>"; };
		83A43CC41A1072FB00809B3B /* ViewController.m */ = {isa = PBXFileReference; lastKnownFileType = sourcecode.c.objc; path = ViewController.m; sourceTree = "<group>"; };
		83A43CC71A1072FB00809B3B /* Base */ = {isa = PBXFileReference; lastKnownFileType = file.storyboard; name = Base; path = Base.lproj/Main.storyboard; sourceTree = "<group>"; };
		83A43CC91A1072FB00809B3B /* Images.xcassets */ = {isa = PBXFileReference; lastKnownFileType = folder.assetcatalog; path = Images.xcassets; sourceTree = "<group>"; };
		83A43CCC1A1072FB00809B3B /* Base */ = {isa = PBXFileReference; lastKnownFileType = file.xib; name = Base; path = Base.lproj/LaunchScreen.xib; sourceTree = "<group>"; };
		83A43CD21A1072FB00809B3B /* startrackTests.xctest */ = {isa = PBXFileReference; explicitFileType = wrapper.cfbundle; includeInIndex = 0; path = startrackTests.xctest; sourceTree = BUILT_PRODUCTS_DIR; };
		83A43CD71A1072FB00809B3B /* Info.plist */ = {isa = PBXFileReference; lastKnownFileType = text.plist.xml; path = Info.plist; sourceTree = "<group>"; };
		83A43CD81A1072FB00809B3B /* startrackTests.m */ = {isa = PBXFileReference; lastKnownFileType = sourcecode.c.objc; path = startrackTests.m; sourceTree = "<group>"; };
/* End PBXFileReference section */

/* Begin PBXFrameworksBuildPhase section */
		83A43CB61A1072FB00809B3B /* Frameworks */ = {
			isa = PBXFrameworksBuildPhase;
			buildActionMask = 2147483647;
			files = (
				8347DF0B1A903FEE0064ED6E /* libMelodySmart.a in Frameworks */,
			);
			runOnlyForDeploymentPostprocessing = 0;
		};
		83A43CCF1A1072FB00809B3B /* Frameworks */ = {
			isa = PBXFrameworksBuildPhase;
			buildActionMask = 2147483647;
			files = (
			);
			runOnlyForDeploymentPostprocessing = 0;
		};
/* End PBXFrameworksBuildPhase section */

/* Begin PBXGroup section */
		832F567D1A1A538F009974E6 /* Resources */ = {
			isa = PBXGroup;
			children = (
				832F567B1A1A5151009974E6 /* Targets.plist */,
			);
			name = Resources;
			sourceTree = "<group>";
		};
		83A43CB01A1072FB00809B3B = {
			isa = PBXGroup;
			children = (
				832F567D1A1A538F009974E6 /* Resources */,
				83A43CBB1A1072FB00809B3B /* startrack */,
				83A43CD51A1072FB00809B3B /* startrackTests */,
				83A43CBA1A1072FB00809B3B /* Products */,
			);
			sourceTree = "<group>";
		};
		83A43CBA1A1072FB00809B3B /* Products */ = {
			isa = PBXGroup;
			children = (
				83A43CB91A1072FB00809B3B /* startrack.app */,
				83A43CD21A1072FB00809B3B /* startrackTests.xctest */,
			);
			name = Products;
			sourceTree = "<group>";
		};
		83A43CBB1A1072FB00809B3B /* startrack */ = {
			isa = PBXGroup;
			children = (
				83A43CC01A1072FB00809B3B /* AppDelegate.h */,
				83A43CC11A1072FB00809B3B /* AppDelegate.m */,
				83A43CC31A1072FB00809B3B /* ViewController.h */,
				83A43CC41A1072FB00809B3B /* ViewController.m */,
				8347DEE61A902A220064ED6E /* DevicesViewController.h */,
				8347DEE71A902A220064ED6E /* DevicesViewController.m */,
				8347DF071A9037050064ED6E /* TrackingViewController.h */,
				8347DF081A9037050064ED6E /* TrackingViewController.m */,
				83691BE11A9412D8002D6008 /* AstronomicalCoordinates.h */,
				83691BE21A9412D8002D6008 /* AstronomicalCoordinates.m */,
				83A43CC61A1072FB00809B3B /* Main.storyboard */,
				83A43CC91A1072FB00809B3B /* Images.xcassets */,
				83A43CCB1A1072FB00809B3B /* LaunchScreen.xib */,
				83A43CBC1A1072FB00809B3B /* Supporting Files */,
			);
			path = startrack;
			sourceTree = "<group>";
		};
		83A43CBC1A1072FB00809B3B /* Supporting Files */ = {
			isa = PBXGroup;
			children = (
				83A43CBD1A1072FB00809B3B /* Info.plist */,
				83A43CBE1A1072FB00809B3B /* main.m */,
				8347DF0A1A903FEE0064ED6E /* libMelodySmart.a */,
			);
			name = "Supporting Files";
			sourceTree = "<group>";
		};
		83A43CD51A1072FB00809B3B /* startrackTests */ = {
			isa = PBXGroup;
			children = (
				83A43CD81A1072FB00809B3B /* startrackTests.m */,
				83A43CD61A1072FB00809B3B /* Supporting Files */,
			);
			path = startrackTests;
			sourceTree = "<group>";
		};
		83A43CD61A1072FB00809B3B /* Supporting Files */ = {
			isa = PBXGroup;
			children = (
				83A43CD71A1072FB00809B3B /* Info.plist */,
			);
			name = "Supporting Files";
			sourceTree = "<group>";
		};
/* End PBXGroup section */

/* Begin PBXNativeTarget section */
		83A43CB81A1072FB00809B3B /* startrack */ = {
			isa = PBXNativeTarget;
			buildConfigurationList = 83A43CDC1A1072FB00809B3B /* Build configuration list for PBXNativeTarget "startrack" */;
			buildPhases = (
				83A43CB51A1072FB00809B3B /* Sources */,
				83A43CB61A1072FB00809B3B /* Frameworks */,
				83A43CB71A1072FB00809B3B /* Resources */,
			);
			buildRules = (
			);
			dependencies = (
			);
			name = startrack;
			productName = startrack;
			productReference = 83A43CB91A1072FB00809B3B /* startrack.app */;
			productType = "com.apple.product-type.application";
		};
		83A43CD11A1072FB00809B3B /* startrackTests */ = {
			isa = PBXNativeTarget;
			buildConfigurationList = 83A43CDF1A1072FB00809B3B /* Build configuration list for PBXNativeTarget "startrackTests" */;
			buildPhases = (
				83A43CCE1A1072FB00809B3B /* Sources */,
				83A43CCF1A1072FB00809B3B /* Frameworks */,
				83A43CD01A1072FB00809B3B /* Resources */,
			);
			buildRules = (
			);
			dependencies = (
				83A43CD41A1072FB00809B3B /* PBXTargetDependency */,
			);
			name = startrackTests;
			productName = startrackTests;
			productReference = 83A43CD21A1072FB00809B3B /* startrackTests.xctest */;
			productType = "com.apple.product-type.bundle.unit-test";
		};
/* End PBXNativeTarget section */

/* Begin PBXProject section */
		83A43CB11A1072FB00809B3B /* Project object */ = {
			isa = PBXProject;
			attributes = {
				LastUpgradeCheck = 0610;
				ORGANIZATIONNAME = "UMass Amherst";
				TargetAttributes = {
					83A43CB81A1072FB00809B3B = {
						CreatedOnToolsVersion = 6.1;
						DevelopmentTeam = Y6JY4Y23L4;
						SystemCapabilities = {
							com.apple.BackgroundModes = {
								enabled = 1;
							};
						};
					};
					83A43CD11A1072FB00809B3B = {
						CreatedOnToolsVersion = 6.1;
						TestTargetID = 83A43CB81A1072FB00809B3B;
					};
				};
			};
			buildConfigurationList = 83A43CB41A1072FB00809B3B /* Build configuration list for PBXProject "StarTrack" */;
			compatibilityVersion = "Xcode 3.2";
			developmentRegion = English;
			hasScannedForEncodings = 0;
			knownRegions = (
				en,
				Base,
			);
			mainGroup = 83A43CB01A1072FB00809B3B;
			productRefGroup = 83A43CBA1A1072FB00809B3B /* Products */;
			projectDirPath = "";
			projectRoot = "";
			targets = (
				83A43CB81A1072FB00809B3B /* startrack */,
				83A43CD11A1072FB00809B3B /* startrackTests */,
			);
		};
/* End PBXProject section */

/* Begin PBXResourcesBuildPhase section */
		83A43CB71A1072FB00809B3B /* Resources */ = {
			isa = PBXResourcesBuildPhase;
			buildActionMask = 2147483647;
			files = (
				83A43CC81A1072FB00809B3B /* Main.storyboard in Resources */,
				832F567C1A1A5151009974E6 /* Targets.plist in Resources */,
				83A43CCD1A1072FB00809B3B /* LaunchScreen.xib in Resources */,
				83A43CCA1A1072FB00809B3B /* Images.xcassets in Resources */,
			);
			runOnlyForDeploymentPostprocessing = 0;
		};
		83A43CD01A1072FB00809B3B /* Resources */ = {
			isa = PBXResourcesBuildPhase;
			buildActionMask = 2147483647;
			files = (
			);
			runOnlyForDeploymentPostprocessing = 0;
		};
/* End PBXResourcesBuildPhase section */

/* Begin PBXSourcesBuildPhase section */
		83A43CB51A1072FB00809B3B /* Sources */ = {
			isa = PBXSourcesBuildPhase;
			buildActionMask = 2147483647;
			files = (
				8347DF091A9037050064ED6E /* TrackingViewController.m in Sources */,
				8347DEE81A902A220064ED6E /* DevicesViewController.m in Sources */,
				83A43CC51A1072FB00809B3B /* ViewController.m in Sources */,
				83691BE31A9412D8002D6008 /* AstronomicalCoordinates.m in Sources */,
				83A43CC21A1072FB00809B3B /* AppDelegate.m in Sources */,
				83A43CBF1A1072FB00809B3B /* main.m in Sources */,
			);
			runOnlyForDeploymentPostprocessing = 0;
		};
		83A43CCE1A1072FB00809B3B /* Sources */ = {
			isa = PBXSourcesBuildPhase;
			buildActionMask = 2147483647;
			files = (
				83A43CD91A1072FB00809B3B /* startrackTests.m in Sources */,
			);
			runOnlyForDeploymentPostprocessing = 0;
		};
/* End PBXSourcesBuildPhase section */

/* Begin PBXTargetDependency section */
		83A43CD41A1072FB00809B3B /* PBXTargetDependency */ = {
			isa = PBXTargetDependency;
			target = 83A43CB81A1072FB00809B3B /* startrack */;
			targetProxy = 83A43CD31A1072FB00809B3B /* PBXContainerItemProxy */;
		};
/* End PBXTargetDependency section */

/* Begin PBXVariantGroup section */
		83A43CC61A1072FB00809B3B /* Main.storyboard */ = {
			isa = PBXVariantGroup;
			children = (
				83A43CC71A1072FB00809B3B /* Base */,
			);
			name = Main.storyboard;
			sourceTree = "<group>";
		};
		83A43CCB1A1072FB00809B3B /* LaunchScreen.xib */ = {
			isa = PBXVariantGroup;
			children = (
				83A43CCC1A1072FB00809B3B /* Base */,
			);
			name = LaunchScreen.xib;
			sourceTree = "<group>";
		};
/* End PBXVariantGroup section */

/* Begin XCBuildConfiguration section */
		83A43CDA1A1072FB00809B3B /* Debug */ = {
			isa = XCBuildConfiguration;
			buildSettings = {
				ALWAYS_SEARCH_USER_PATHS = NO;
				CLANG_CXX_LANGUAGE_STANDARD = "gnu++0x";
				CLANG_CXX_LIBRARY = "libc++";
				CLANG_ENABLE_MODULES = YES;
				CLANG_ENABLE_OBJC_ARC = YES;
				CLANG_WARN_BOOL_CONVERSION = YES;
				CLANG_WARN_CONSTANT_CONVERSION = YES;
				CLANG_WARN_DIRECT_OBJC_ISA_USAGE = YES_ERROR;
				CLANG_WARN_EMPTY_BODY = YES;
				CLANG_WARN_ENUM_CONVERSION = YES;
				CLANG_WARN_INT_CONVERSION = YES;
				CLANG_WARN_OBJC_ROOT_CLASS = YES_ERROR;
				CLANG_WARN_UNREACHABLE_CODE = YES;
				CLANG_WARN__DUPLICATE_METHOD_MATCH = YES;
				"CODE_SIGN_IDENTITY[sdk=iphoneos*]" = "iPhone Developer";
				COPY_PHASE_STRIP = NO;
				ENABLE_STRICT_OBJC_MSGSEND = YES;
				GCC_C_LANGUAGE_STANDARD = gnu99;
				GCC_DYNAMIC_NO_PIC = NO;
				GCC_OPTIMIZATION_LEVEL = 0;
				GCC_PREPROCESSOR_DEFINITIONS = (
					"DEBUG=1",
					"$(inherited)",
				);
				GCC_SYMBOLS_PRIVATE_EXTERN = NO;
				GCC_WARN_64_TO_32_BIT_CONVERSION = YES;
				GCC_WARN_ABOUT_RETURN_TYPE = YES_ERROR;
				GCC_WARN_UNDECLARED_SELECTOR = YES;
				GCC_WARN_UNINITIALIZED_AUTOS = YES_AGGRESSIVE;
				GCC_WARN_UNUSED_FUNCTION = YES;
				GCC_WARN_UNUSED_VARIABLE = YES;
				IPHONEOS_DEPLOYMENT_TARGET = 8.1;
				MTL_ENABLE_DEBUG_INFO = YES;
				ONLY_ACTIVE_ARCH = YES;
				SDKROOT = iphoneos;
				TARGETED_DEVICE_FAMILY = 2;
			};
			name = Debug;
		};
		83A43CDB1A1072FB00809B3B /* Release */ = {
			isa = XCBuildConfiguration;
			buildSettings = {
				ALWAYS_SEARCH_USER_PATHS = NO;
				CLANG_CXX_LANGUAGE_STANDARD = "gnu++0x";
				CLANG_CXX_LIBRARY = "libc++";
				CLANG_ENABLE_MODULES = YES;
				CLANG_ENABLE_OBJC_ARC = YES;
				CLANG_WARN_BOOL_CONVERSION = YES;
				CLANG_WARN_CONSTANT_CONVERSION = YES;
				CLANG_WARN_DIRECT_OBJC_ISA_USAGE = YES_ERROR;
				CLANG_WARN_EMPTY_BODY = YES;
				CLANG_WARN_ENUM_CONVERSION = YES;
				CLANG_WARN_INT_CONVERSION = YES;
				CLANG_WARN_OBJC_ROOT_CLASS = YES_ERROR;
				CLANG_WARN_UNREACHABLE_CODE = YES;
				CLANG_WARN__DUPLICATE_METHOD_MATCH = YES;
				"CODE_SIGN_IDENTITY[sdk=iphoneos*]" = "iPhone Developer";
				COPY_PHASE_STRIP = YES;
				ENABLE_NS_ASSERTIONS = NO;
				ENABLE_STRICT_OBJC_MSGSEND = YES;
				GCC_C_LANGUAGE_STANDARD = gnu99;
				GCC_WARN_64_TO_32_BIT_CONVERSION = YES;
				GCC_WARN_ABOUT_RETURN_TYPE = YES_ERROR;
				GCC_WARN_UNDECLARED_SELECTOR = YES;
				GCC_WARN_UNINITIALIZED_AUTOS = YES_AGGRESSIVE;
				GCC_WARN_UNUSED_FUNCTION = YES;
				GCC_WARN_UNUSED_VARIABLE = YES;
				IPHONEOS_DEPLOYMENT_TARGET = 8.1;
				MTL_ENABLE_DEBUG_INFO = NO;
				SDKROOT = iphoneos;
				TARGETED_DEVICE_FAMILY = 2;
				VALIDATE_PRODUCT = YES;
			};
			name = Release;
		};
		83A43CDD1A1072FB00809B3B /* Debug */ = {
			isa = XCBuildConfiguration;
			buildSettings = {
				ASSETCATALOG_COMPILER_APPICON_NAME = AppIcon;
				CODE_SIGN_IDENTITY = "iPhone Developer";
				HEADER_SEARCH_PATHS = (
					"$(inherited)",
					/Applications/Xcode.app/Contents/Developer/Toolchains/XcodeDefault.xctoolchain/usr/include,
					"${SRCROOT}/Melody",
				);
				INFOPLIST_FILE = startrack/Info.plist;
				LD_RUNPATH_SEARCH_PATHS = "$(inherited) @executable_path/Frameworks";
				LIBRARY_SEARCH_PATHS = (
					"$(inherited)",
					"$(PROJECT_DIR)/Melody",
				);
				PRODUCT_NAME = "$(TARGET_NAME)";
			};
			name = Debug;
		};
		83A43CDE1A1072FB00809B3B /* Release */ = {
			isa = XCBuildConfiguration;
			buildSettings = {
				ASSETCATALOG_COMPILER_APPICON_NAME = AppIcon;
				CODE_SIGN_IDENTITY = "iPhone Developer";
				HEADER_SEARCH_PATHS = (
					"$(inherited)",
					/Applications/Xcode.app/Contents/Developer/Toolchains/XcodeDefault.xctoolchain/usr/include,
					"${SRCROOT}/Melody",
				);
				INFOPLIST_FILE = startrack/Info.plist;
				LD_RUNPATH_SEARCH_PATHS = "$(inherited) @executable_path/Frameworks";
				LIBRARY_SEARCH_PATHS = (
					"$(inherited)",
					"$(PROJECT_DIR)/Melody",
				);
				PRODUCT_NAME = "$(TARGET_NAME)";
			};
			name = Release;
		};
		83A43CE01A1072FB00809B3B /* Debug */ = {
			isa = XCBuildConfiguration;
			buildSettings = {
				BUNDLE_LOADER = "$(TEST_HOST)";
				FRAMEWORK_SEARCH_PATHS = (
					"$(SDKROOT)/Developer/Library/Frameworks",
					"$(inherited)",
				);
				GCC_PREPROCESSOR_DEFINITIONS = (
					"DEBUG=1",
					"$(inherited)",
				);
				INFOPLIST_FILE = startrackTests/Info.plist;
				LD_RUNPATH_SEARCH_PATHS = "$(inherited) @executable_path/Frameworks @loader_path/Frameworks";
				PRODUCT_NAME = "$(TARGET_NAME)";
				TEST_HOST = "$(BUILT_PRODUCTS_DIR)/startrack.app/startrack";
			};
			name = Debug;
		};
		83A43CE11A1072FB00809B3B /* Release */ = {
			isa = XCBuildConfiguration;
			buildSettings = {
				BUNDLE_LOADER = "$(TEST_HOST)";
				FRAMEWORK_SEARCH_PATHS = (
					"$(SDKROOT)/Developer/Library/Frameworks",
					"$(inherited)",
				);
				INFOPLIST_FILE = startrackTests/Info.plist;
				LD_RUNPATH_SEARCH_PATHS = "$(inherited) @executable_path/Frameworks @loader_path/Frameworks";
				PRODUCT_NAME = "$(TARGET_NAME)";
				TEST_HOST = "$(BUILT_PRODUCTS_DIR)/startrack.app/startrack";
			};
			name = Release;
		};
/* End XCBuildConfiguration section */

/* Begin XCConfigurationList section */
		83A43CB41A1072FB00809B3B /* Build configuration list for PBXProject "StarTrack" */ = {
			isa = XCConfigurationList;
			buildConfigurations = (
				83A43CDA1A1072FB00809B3B /* Debug */,
				83A43CDB1A1072FB00809B3B /* Release */,
			);
			defaultConfigurationIsVisible = 0;
			defaultConfigurationName = Release;
		};
		83A43CDC1A1072FB00809B3B /* Build configuration list for PBXNativeTarget "startrack" */ = {
			isa = XCConfigurationList;
			buildConfigurations = (
				83A43CDD1A1072FB00809B3B /* Debug */,
				83A43CDE1A1072FB00809B3B /* Release */,
			);
			defaultConfigurationIsVisible = 0;
			defaultConfigurationName = Release;
		};
		83A43CDF1A1072FB00809B3B /* Build configuration list for PBXNativeTarget "startrackTests" */ = {
			isa = XCConfigurationList;
			buildConfigurations = (
				83A43CE01A1072FB00809B3B /* Debug */,
				83A43CE11A1072FB00809B3B /* Release */,
			);
			defaultConfigurationIsVisible = 0;
			defaultConfigurationName = Release;
		};
/* End XCConfigurationList section */
	};
	rootObject = 83A43CB11A1072FB00809B3B /* Project object */;
}
